// !$*UTF8*$!
{
	archiveVersion = 1;
	classes = {
	};
	objectVersion = 50;
	objects = {

/* Begin PBXBuildFile section */
		AFEC7C4020D4307400F4C918 /* GradientView.swift in Sources */ = {isa = PBXBuildFile; fileRef = AFEC7C3F20D4307400F4C918 /* GradientView.swift */; };
		AFEC7C4220D43D1900F4C918 /* Genius.swift in Sources */ = {isa = PBXBuildFile; fileRef = AFEC7C4120D43D1900F4C918 /* Genius.swift */; };
		AFFFBD2A20D30E5D000620D3 /* AppDelegate.swift in Sources */ = {isa = PBXBuildFile; fileRef = AFFFBD2920D30E5D000620D3 /* AppDelegate.swift */; };
		AFFFBD2C20D30E5D000620D3 /* ViewController.swift in Sources */ = {isa = PBXBuildFile; fileRef = AFFFBD2B20D30E5D000620D3 /* ViewController.swift */; };
		AFFFBD2F20D30E5D000620D3 /* Main.storyboard in Resources */ = {isa = PBXBuildFile; fileRef = AFFFBD2D20D30E5D000620D3 /* Main.storyboard */; };
		AFFFBD3120D30E5F000620D3 /* Assets.xcassets in Resources */ = {isa = PBXBuildFile; fileRef = AFFFBD3020D30E5F000620D3 /* Assets.xcassets */; };
		AFFFBD3420D30E5F000620D3 /* LaunchScreen.storyboard in Resources */ = {isa = PBXBuildFile; fileRef = AFFFBD3220D30E5F000620D3 /* LaunchScreen.storyboard */; };
/* End PBXBuildFile section */

/* Begin PBXFileReference section */
		AFEC7C3F20D4307400F4C918 /* GradientView.swift */ = {isa = PBXFileReference; lastKnownFileType = sourcecode.swift; path = GradientView.swift; sourceTree = "<group>"; };
		AFEC7C4120D43D1900F4C918 /* Genius.swift */ = {isa = PBXFileReference; lastKnownFileType = sourcecode.swift; path = Genius.swift; sourceTree = "<group>"; };
		AFFFBD2620D30E5D000620D3 /* GeniusGame.app */ = {isa = PBXFileReference; explicitFileType = wrapper.application; includeInIndex = 0; path = GeniusGame.app; sourceTree = BUILT_PRODUCTS_DIR; };
		AFFFBD2920D30E5D000620D3 /* AppDelegate.swift */ = {isa = PBXFileReference; lastKnownFileType = sourcecode.swift; path = AppDelegate.swift; sourceTree = "<group>"; };
		AFFFBD2B20D30E5D000620D3 /* ViewController.swift */ = {isa = PBXFileReference; lastKnownFileType = sourcecode.swift; path = ViewController.swift; sourceTree = "<group>"; };
		AFFFBD2E20D30E5D000620D3 /* Base */ = {isa = PBXFileReference; lastKnownFileType = file.storyboard; name = Base; path = Base.lproj/Main.storyboard; sourceTree = "<group>"; };
		AFFFBD3020D30E5F000620D3 /* Assets.xcassets */ = {isa = PBXFileReference; lastKnownFileType = folder.assetcatalog; path = Assets.xcassets; sourceTree = "<group>"; };
		AFFFBD3320D30E5F000620D3 /* Base */ = {isa = PBXFileReference; lastKnownFileType = file.storyboard; name = Base; path = Base.lproj/LaunchScreen.storyboard; sourceTree = "<group>"; };
		AFFFBD3520D30E5F000620D3 /* Info.plist */ = {isa = PBXFileReference; lastKnownFileType = text.plist.xml; path = Info.plist; sourceTree = "<group>"; };
/* End PBXFileReference section */

/* Begin PBXFrameworksBuildPhase section */
		AFFFBD2320D30E5D000620D3 /* Frameworks */ = {
			isa = PBXFrameworksBuildPhase;
			buildActionMask = 2147483647;
			files = (
			);
			runOnlyForDeploymentPostprocessing = 0;
		};
/* End PBXFrameworksBuildPhase section */

/* Begin PBXGroup section */
		AFEC7C3B20D3218A00F4C918 /* UI */ = {
			isa = PBXGroup;
			children = (
				AFFFBD2D20D30E5D000620D3 /* Main.storyboard */,
				AFFFBD3020D30E5F000620D3 /* Assets.xcassets */,
				AFEC7C3F20D4307400F4C918 /* GradientView.swift */,
			);
			path = UI;
			sourceTree = "<group>";
		};
		AFEC7C4320D4DB0C00F4C918 /* Model */ = {
			isa = PBXGroup;
			children = (
				AFEC7C4120D43D1900F4C918 /* Genius.swift */,
			);
			path = Model;
			sourceTree = "<group>";
		};
		AFFFBD1D20D30E5D000620D3 = {
			isa = PBXGroup;
			children = (
				AFFFBD2820D30E5D000620D3 /* GeniusGame */,
				AFFFBD2720D30E5D000620D3 /* Products */,
			);
			sourceTree = "<group>";
		};
		AFFFBD2720D30E5D000620D3 /* Products */ = {
			isa = PBXGroup;
			children = (
				AFFFBD2620D30E5D000620D3 /* GeniusGame.app */,
			);
			name = Products;
			sourceTree = "<group>";
		};
		AFFFBD2820D30E5D000620D3 /* GeniusGame */ = {
			isa = PBXGroup;
			children = (
				AFEC7C4320D4DB0C00F4C918 /* Model */,
				AFFFBD2B20D30E5D000620D3 /* ViewController.swift */,
				AFEC7C3B20D3218A00F4C918 /* UI */,
				AFFFBD3B20D30E6E000620D3 /* Supporting Files */,
			);
			path = GeniusGame;
			sourceTree = "<group>";
		};
		AFFFBD3B20D30E6E000620D3 /* Supporting Files */ = {
			isa = PBXGroup;
			children = (
				AFFFBD2920D30E5D000620D3 /* AppDelegate.swift */,
				AFFFBD3220D30E5F000620D3 /* LaunchScreen.storyboard */,
				AFFFBD3520D30E5F000620D3 /* Info.plist */,
			);
			path = "Supporting Files";
			sourceTree = "<group>";
		};
/* End PBXGroup section */

/* Begin PBXNativeTarget section */
		AFFFBD2520D30E5D000620D3 /* GeniusGame */ = {
			isa = PBXNativeTarget;
			buildConfigurationList = AFFFBD3820D30E5F000620D3 /* Build configuration list for PBXNativeTarget "GeniusGame" */;
			buildPhases = (
				AFFFBD2220D30E5D000620D3 /* Sources */,
				AFFFBD2320D30E5D000620D3 /* Frameworks */,
				AFFFBD2420D30E5D000620D3 /* Resources */,
			);
			buildRules = (
			);
			dependencies = (
			);
			name = GeniusGame;
			productName = GeniusGame;
			productReference = AFFFBD2620D30E5D000620D3 /* GeniusGame.app */;
			productType = "com.apple.product-type.application";
		};
/* End PBXNativeTarget section */

/* Begin PBXProject section */
		AFFFBD1E20D30E5D000620D3 /* Project object */ = {
			isa = PBXProject;
			attributes = {
				LastSwiftUpdateCheck = 0940;
				LastUpgradeCheck = 0940;
				ORGANIZATIONNAME = "Henrique Jordão";
				TargetAttributes = {
					AFFFBD2520D30E5D000620D3 = {
						CreatedOnToolsVersion = 9.4;
					};
				};
			};
			buildConfigurationList = AFFFBD2120D30E5D000620D3 /* Build configuration list for PBXProject "GeniusGame" */;
			compatibilityVersion = "Xcode 9.3";
			developmentRegion = en;
			hasScannedForEncodings = 0;
			knownRegions = (
				en,
				Base,
			);
			mainGroup = AFFFBD1D20D30E5D000620D3;
			productRefGroup = AFFFBD2720D30E5D000620D3 /* Products */;
			projectDirPath = "";
			projectRoot = "";
			targets = (
				AFFFBD2520D30E5D000620D3 /* GeniusGame */,
			);
		};
/* End PBXProject section */

/* Begin PBXResourcesBuildPhase section */
		AFFFBD2420D30E5D000620D3 /* Resources */ = {
			isa = PBXResourcesBuildPhase;
			buildActionMask = 2147483647;
			files = (
				AFFFBD3420D30E5F000620D3 /* LaunchScreen.storyboard in Resources */,
				AFFFBD3120D30E5F000620D3 /* Assets.xcassets in Resources */,
				AFFFBD2F20D30E5D000620D3 /* Main.storyboard in Resources */,
			);
			runOnlyForDeploymentPostprocessing = 0;
		};
/* End PBXResourcesBuildPhase section */

/* Begin PBXSourcesBuildPhase section */
		AFFFBD2220D30E5D000620D3 /* Sources */ = {
			isa = PBXSourcesBuildPhase;
			buildActionMask = 2147483647;
			files = (
				AFFFBD2C20D30E5D000620D3 /* ViewController.swift in Sources */,
				AFEC7C4020D4307400F4C918 /* GradientView.swift in Sources */,
				AFEC7C4220D43D1900F4C918 /* Genius.swift in Sources */,
				AFFFBD2A20D30E5D000620D3 /* AppDelegate.swift in Sources */,
			);
			runOnlyForDeploymentPostprocessing = 0;
		};
/* End PBXSourcesBuildPhase section */

/* Begin PBXVariantGroup section */
		AFFFBD2D20D30E5D000620D3 /* Main.storyboard */ = {
			isa = PBXVariantGroup;
			children = (
				AFFFBD2E20D30E5D000620D3 /* Base */,
			);
			name = Main.storyboard;
			sourceTree = "<group>";
		};
		AFFFBD3220D30E5F000620D3 /* LaunchScreen.storyboard */ = {
			isa = PBXVariantGroup;
			children = (
				AFFFBD3320D30E5F000620D3 /* Base */,
			);
			name = LaunchScreen.storyboard;
			sourceTree = "<group>";
		};
/* End PBXVariantGroup section */

/* Begin XCBuildConfiguration section */
		AFFFBD3620D30E5F000620D3 /* Debug */ = {
			isa = XCBuildConfiguration;
			buildSettings = {
				ALWAYS_SEARCH_USER_PATHS = NO;
				CLANG_ANALYZER_NONNULL = YES;
				CLANG_ANALYZER_NUMBER_OBJECT_CONVERSION = YES_AGGRESSIVE;
				CLANG_CXX_LANGUAGE_STANDARD = "gnu++14";
				CLANG_CXX_LIBRARY = "libc++";
				CLANG_ENABLE_MODULES = YES;
				CLANG_ENABLE_OBJC_ARC = YES;
				CLANG_ENABLE_OBJC_WEAK = YES;
				CLANG_WARN_BLOCK_CAPTURE_AUTORELEASING = YES;
				CLANG_WARN_BOOL_CONVERSION = YES;
				CLANG_WARN_COMMA = YES;
				CLANG_WARN_CONSTANT_CONVERSION = YES;
				CLANG_WARN_DEPRECATED_OBJC_IMPLEMENTATIONS = YES;
				CLANG_WARN_DIRECT_OBJC_ISA_USAGE = YES_ERROR;
				CLANG_WARN_DOCUMENTATION_COMMENTS = YES;
				CLANG_WARN_EMPTY_BODY = YES;
				CLANG_WARN_ENUM_CONVERSION = YES;
				CLANG_WARN_INFINITE_RECURSION = YES;
				CLANG_WARN_INT_CONVERSION = YES;
				CLANG_WARN_NON_LITERAL_NULL_CONVERSION = YES;
				CLANG_WARN_OBJC_IMPLICIT_RETAIN_SELF = YES;
				CLANG_WARN_OBJC_LITERAL_CONVERSION = YES;
				CLANG_WARN_OBJC_ROOT_CLASS = YES_ERROR;
				CLANG_WARN_RANGE_LOOP_ANALYSIS = YES;
				CLANG_WARN_STRICT_PROTOTYPES = YES;
				CLANG_WARN_SUSPICIOUS_MOVE = YES;
				CLANG_WARN_UNGUARDED_AVAILABILITY = YES_AGGRESSIVE;
				CLANG_WARN_UNREACHABLE_CODE = YES;
				CLANG_WARN__DUPLICATE_METHOD_MATCH = YES;
				CODE_SIGN_IDENTITY = "iPhone Developer";
				COPY_PHASE_STRIP = NO;
				DEBUG_INFORMATION_FORMAT = dwarf;
				ENABLE_STRICT_OBJC_MSGSEND = YES;
				ENABLE_TESTABILITY = YES;
				GCC_C_LANGUAGE_STANDARD = gnu11;
				GCC_DYNAMIC_NO_PIC = NO;
				GCC_NO_COMMON_BLOCKS = YES;
				GCC_OPTIMIZATION_LEVEL = 0;
				GCC_PREPROCESSOR_DEFINITIONS = (
					"DEBUG=1",
					"$(inherited)",
				);
				GCC_WARN_64_TO_32_BIT_CONVERSION = YES;
				GCC_WARN_ABOUT_RETURN_TYPE = YES_ERROR;
				GCC_WARN_UNDECLARED_SELECTOR = YES;
				GCC_WARN_UNINITIALIZED_AUTOS = YES_AGGRESSIVE;
				GCC_WARN_UNUSED_FUNCTION = YES;
				GCC_WARN_UNUSED_VARIABLE = YES;
				IPHONEOS_DEPLOYMENT_TARGET = 11.4;
				MTL_ENABLE_DEBUG_INFO = YES;
				ONLY_ACTIVE_ARCH = YES;
				SDKROOT = iphoneos;
				SWIFT_ACTIVE_COMPILATION_CONDITIONS = DEBUG;
				SWIFT_OPTIMIZATION_LEVEL = "-Onone";
			};
			name = Debug;
		};
		AFFFBD3720D30E5F000620D3 /* Release */ = {
			isa = XCBuildConfiguration;
			buildSettings = {
				ALWAYS_SEARCH_USER_PATHS = NO;
				CLANG_ANALYZER_NONNULL = YES;
				CLANG_ANALYZER_NUMBER_OBJECT_CONVERSION = YES_AGGRESSIVE;
				CLANG_CXX_LANGUAGE_STANDARD = "gnu++14";
				CLANG_CXX_LIBRARY = "libc++";
				CLANG_ENABLE_MODULES = YES;
				CLANG_ENABLE_OBJC_ARC = YES;
				CLANG_ENABLE_OBJC_WEAK = YES;
				CLANG_WARN_BLOCK_CAPTURE_AUTORELEASING = YES;
				CLANG_WARN_BOOL_CONVERSION = YES;
				CLANG_WARN_COMMA = YES;
				CLANG_WARN_CONSTANT_CONVERSION = YES;
				CLANG_WARN_DEPRECATED_OBJC_IMPLEMENTATIONS = YES;
				CLANG_WARN_DIRECT_OBJC_ISA_USAGE = YES_ERROR;
				CLANG_WARN_DOCUMENTATION_COMMENTS = YES;
				CLANG_WARN_EMPTY_BODY = YES;
				CLANG_WARN_ENUM_CONVERSION = YES;
				CLANG_WARN_INFINITE_RECURSION = YES;
				CLANG_WARN_INT_CONVERSION = YES;
				CLANG_WARN_NON_LITERAL_NULL_CONVERSION = YES;
				CLANG_WARN_OBJC_IMPLICIT_RETAIN_SELF = YES;
				CLANG_WARN_OBJC_LITERAL_CONVERSION = YES;
				CLANG_WARN_OBJC_ROOT_CLASS = YES_ERROR;
				CLANG_WARN_RANGE_LOOP_ANALYSIS = YES;
				CLANG_WARN_STRICT_PROTOTYPES = YES;
				CLANG_WARN_SUSPICIOUS_MOVE = YES;
				CLANG_WARN_UNGUARDED_AVAILABILITY = YES_AGGRESSIVE;
				CLANG_WARN_UNREACHABLE_CODE = YES;
				CLANG_WARN__DUPLICATE_METHOD_MATCH = YES;
				CODE_SIGN_IDENTITY = "iPhone Developer";
				COPY_PHASE_STRIP = NO;
				DEBUG_INFORMATION_FORMAT = "dwarf-with-dsym";
				ENABLE_NS_ASSERTIONS = NO;
				ENABLE_STRICT_OBJC_MSGSEND = YES;
				GCC_C_LANGUAGE_STANDARD = gnu11;
				GCC_NO_COMMON_BLOCKS = YES;
				GCC_WARN_64_TO_32_BIT_CONVERSION = YES;
				GCC_WARN_ABOUT_RETURN_TYPE = YES_ERROR;
				GCC_WARN_UNDECLARED_SELECTOR = YES;
				GCC_WARN_UNINITIALIZED_AUTOS = YES_AGGRESSIVE;
				GCC_WARN_UNUSED_FUNCTION = YES;
				GCC_WARN_UNUSED_VARIABLE = YES;
				IPHONEOS_DEPLOYMENT_TARGET = 11.4;
				MTL_ENABLE_DEBUG_INFO = NO;
				SDKROOT = iphoneos;
				SWIFT_COMPILATION_MODE = wholemodule;
				SWIFT_OPTIMIZATION_LEVEL = "-O";
				VALIDATE_PRODUCT = YES;
			};
			name = Release;
		};
		AFFFBD3920D30E5F000620D3 /* Debug */ = {
			isa = XCBuildConfiguration;
			buildSettings = {
				ASSETCATALOG_COMPILER_APPICON_NAME = AppIcon;
				CODE_SIGN_STYLE = Automatic;
				DEVELOPMENT_TEAM = H4ULM4YLT9;
				INFOPLIST_FILE = "$(SRCROOT)/GeniusGame/Supporting Files/Info.plist";
				LD_RUNPATH_SEARCH_PATHS = (
					"$(inherited)",
					"@executable_path/Frameworks",
				);
				PRODUCT_BUNDLE_IDENTIFIER = com.geniusGame.GeniusGame;
				PRODUCT_NAME = "$(TARGET_NAME)";
				SWIFT_VERSION = 4.0;
				TARGETED_DEVICE_FAMILY = "1,2";
			};
			name = Debug;
		};
		AFFFBD3A20D30E5F000620D3 /* Release */ = {
			isa = XCBuildConfiguration;
			buildSettings = {
				ASSETCATALOG_COMPILER_APPICON_NAME = AppIcon;
				CODE_SIGN_STYLE = Automatic;
				DEVELOPMENT_TEAM = H4ULM4YLT9;
				INFOPLIST_FILE = "$(SRCROOT)/GeniusGame/Supporting Files/Info.plist";
				LD_RUNPATH_SEARCH_PATHS = (
					"$(inherited)",
					"@executable_path/Frameworks",
				);
				PRODUCT_BUNDLE_IDENTIFIER = com.geniusGame.GeniusGame;
				PRODUCT_NAME = "$(TARGET_NAME)";
				SWIFT_VERSION = 4.0;
				TARGETED_DEVICE_FAMILY = "1,2";
			};
			name = Release;
		};
/* End XCBuildConfiguration section */

/* Begin XCConfigurationList section */
		AFFFBD2120D30E5D000620D3 /* Build configuration list for PBXProject "GeniusGame" */ = {
			isa = XCConfigurationList;
			buildConfigurations = (
				AFFFBD3620D30E5F000620D3 /* Debug */,
				AFFFBD3720D30E5F000620D3 /* Release */,
			);
			defaultConfigurationIsVisible = 0;
			defaultConfigurationName = Release;
		};
		AFFFBD3820D30E5F000620D3 /* Build configuration list for PBXNativeTarget "GeniusGame" */ = {
			isa = XCConfigurationList;
			buildConfigurations = (
				AFFFBD3920D30E5F000620D3 /* Debug */,
				AFFFBD3A20D30E5F000620D3 /* Release */,
			);
			defaultConfigurationIsVisible = 0;
			defaultConfigurationName = Release;
		};
/* End XCConfigurationList section */
	};
	rootObject = AFFFBD1E20D30E5D000620D3 /* Project object */;
}
